
Microsoft Visual Studio Solution File, Format Version 12.00
# Visual Studio Version 16
VisualStudioVersion = 16.0.29728.190
MinimumVisualStudioVersion = 10.0.40219.1
Project("{FAE04EC0-301F-11D3-BF4B-00C04F79EFBC}") = "EMS_TEP_AB", "EMS_TEP_AB\EMS_TEP_AB.csproj", "{1420CAA7-7DC1-4D85-B1EE-A4CA38CC777A}"
EndProject
Global
	GlobalSection(SolutionConfigurationPlatforms) = preSolution
		Debug|Any CPU = Debug|Any CPU
		Release|Any CPU = Release|Any CPU
	EndGlobalSection
	GlobalSection(ProjectConfigurationPlatforms) = postSolution
		{1420CAA7-7DC1-4D85-B1EE-A4CA38CC777A}.Debug|Any CPU.ActiveCfg = Debug|Any CPU
		{1420CAA7-7DC1-4D85-B1EE-A4CA38CC777A}.Debug|Any CPU.Build.0 = Debug|Any CPU
		{1420CAA7-7DC1-4D85-B1EE-A4CA38CC777A}.Release|Any CPU.ActiveCfg = Release|Any CPU
		{1420CAA7-7DC1-4D85-B1EE-A4CA38CC777A}.Release|Any CPU.Build.0 = Release|Any CPU
	EndGlobalSection
	GlobalSection(SolutionProperties) = preSolution
		HideSolutionNode = FALSE
	EndGlobalSection
	GlobalSection(ExtensibilityGlobals) = postSolution
		SolutionGuid = {1031F46A-C4FD-46D0-BDB4-DE063BAF97E1}
	EndGlobalSection
EndGlobal
